
Microsoft Visual Studio Solution File, Format Version 12.00
# Visual Studio 14
VisualStudioVersion = 14.0.24720.0
MinimumVisualStudioVersion = 10.0.40219.1
Project("{FAE04EC0-301F-11D3-BF4B-00C04F79EFBC}") = "Domain", "Domain\Domain.csproj", "{7AB7FF34-B6A2-4571-AAA3-1C160898FFDD}"
EndProject
Project("{FAE04EC0-301F-11D3-BF4B-00C04F79EFBC}") = "Domain.Tests", "Domain.Tests\Domain.Tests.csproj", "{71C72AA9-4CED-41F3-B118-CE0768D0A5DC}"
EndProject
Project("{E24C65DC-7377-472B-9ABA-BC803B73C61A}") = "Prototype", "..\..\Prototype\", "{C8F3607A-D65A-4E78-9F89-0B12A9BC7A2F}"
	ProjectSection(WebsiteProperties) = preProject
		TargetFrameworkMoniker = ".NETFramework,Version%3Dv4.0"
		Debug.AspNetCompiler.VirtualPath = "/localhost_50865"
		Debug.AspNetCompiler.PhysicalPath = "..\..\Prototype\"
		Debug.AspNetCompiler.TargetPath = "PrecompiledWeb\localhost_50865\"
		Debug.AspNetCompiler.Updateable = "true"
		Debug.AspNetCompiler.ForceOverwrite = "true"
		Debug.AspNetCompiler.FixedNames = "false"
		Debug.AspNetCompiler.Debug = "True"
		Release.AspNetCompiler.VirtualPath = "/localhost_50865"
		Release.AspNetCompiler.PhysicalPath = "..\..\Prototype\"
		Release.AspNetCompiler.TargetPath = "PrecompiledWeb\localhost_50865\"
		Release.AspNetCompiler.Updateable = "true"
		Release.AspNetCompiler.ForceOverwrite = "true"
		Release.AspNetCompiler.FixedNames = "false"
		Release.AspNetCompiler.Debug = "False"
		VWDPort = "50865"
		SlnRelativePath = "..\..\Prototype\"
	EndProjectSection
EndProject
Project("{2150E333-8FDC-42A3-9474-1A3956D46DE8}") = "01.DomainWeb", "01.DomainWeb", "{E85CAE4C-44C5-4AFF-B533-492C70187AEA}"
EndProject
Project("{2150E333-8FDC-42A3-9474-1A3956D46DE8}") = "00.CommonLib", "00.CommonLib", "{355C6DB0-9DBC-48F4-B284-4C04DDFAF788}"
EndProject
Project("{FAE04EC0-301F-11D3-BF4B-00C04F79EFBC}") = "CommonLib", "CommonLib\CommonLib.csproj", "{6FF5EFA9-CA43-4D4B-8A5A-E8F03CE34379}"
EndProject
Project("{2150E333-8FDC-42A3-9474-1A3956D46DE8}") = "02.Entity", "02.Entity", "{1361905A-2F39-4826-8DB3-A7BCACCB9153}"
EndProject
Project("{FAE04EC0-301F-11D3-BF4B-00C04F79EFBC}") = "Facade", "Facade\Facade.csproj", "{928BD36F-8E50-46B6-B444-1EC25F6CEB2E}"
EndProject
Project("{2150E333-8FDC-42A3-9474-1A3956D46DE8}") = "03.BLL", "03.BLL", "{AF26B75B-005E-446B-9C8C-CA66B97EE864}"
EndProject
Project("{2150E333-8FDC-42A3-9474-1A3956D46DE8}") = "04.DAL", "04.DAL", "{9568BC80-2827-458B-BDE4-7BCEC83AB7EC}"
EndProject
Project("{FAE04EC0-301F-11D3-BF4B-00C04F79EFBC}") = "Model", "Model\Model.csproj", "{53995DBB-9836-4647-AD22-865884FDEB9E}"
EndProject
Global
	GlobalSection(SolutionConfigurationPlatforms) = preSolution
		Debug|Any CPU = Debug|Any CPU
		Release|Any CPU = Release|Any CPU
	EndGlobalSection
	GlobalSection(ProjectConfigurationPlatforms) = postSolution
		{7AB7FF34-B6A2-4571-AAA3-1C160898FFDD}.Debug|Any CPU.ActiveCfg = Debug|Any CPU
		{7AB7FF34-B6A2-4571-AAA3-1C160898FFDD}.Debug|Any CPU.Build.0 = Debug|Any CPU
		{7AB7FF34-B6A2-4571-AAA3-1C160898FFDD}.Release|Any CPU.ActiveCfg = Release|Any CPU
		{7AB7FF34-B6A2-4571-AAA3-1C160898FFDD}.Release|Any CPU.Build.0 = Release|Any CPU
		{71C72AA9-4CED-41F3-B118-CE0768D0A5DC}.Debug|Any CPU.ActiveCfg = Debug|Any CPU
		{71C72AA9-4CED-41F3-B118-CE0768D0A5DC}.Debug|Any CPU.Build.0 = Debug|Any CPU
		{71C72AA9-4CED-41F3-B118-CE0768D0A5DC}.Release|Any CPU.ActiveCfg = Release|Any CPU
		{71C72AA9-4CED-41F3-B118-CE0768D0A5DC}.Release|Any CPU.Build.0 = Release|Any CPU
		{C8F3607A-D65A-4E78-9F89-0B12A9BC7A2F}.Debug|Any CPU.ActiveCfg = Debug|Any CPU
		{C8F3607A-D65A-4E78-9F89-0B12A9BC7A2F}.Debug|Any CPU.Build.0 = Debug|Any CPU
		{C8F3607A-D65A-4E78-9F89-0B12A9BC7A2F}.Release|Any CPU.ActiveCfg = Debug|Any CPU
		{C8F3607A-D65A-4E78-9F89-0B12A9BC7A2F}.Release|Any CPU.Build.0 = Debug|Any CPU
		{6FF5EFA9-CA43-4D4B-8A5A-E8F03CE34379}.Debug|Any CPU.ActiveCfg = Debug|Any CPU
		{6FF5EFA9-CA43-4D4B-8A5A-E8F03CE34379}.Debug|Any CPU.Build.0 = Debug|Any CPU
		{6FF5EFA9-CA43-4D4B-8A5A-E8F03CE34379}.Release|Any CPU.ActiveCfg = Release|Any CPU
		{6FF5EFA9-CA43-4D4B-8A5A-E8F03CE34379}.Release|Any CPU.Build.0 = Release|Any CPU
		{928BD36F-8E50-46B6-B444-1EC25F6CEB2E}.Debug|Any CPU.ActiveCfg = Debug|Any CPU
		{928BD36F-8E50-46B6-B444-1EC25F6CEB2E}.Debug|Any CPU.Build.0 = Debug|Any CPU
		{928BD36F-8E50-46B6-B444-1EC25F6CEB2E}.Release|Any CPU.ActiveCfg = Release|Any CPU
		{928BD36F-8E50-46B6-B444-1EC25F6CEB2E}.Release|Any CPU.Build.0 = Release|Any CPU
		{53995DBB-9836-4647-AD22-865884FDEB9E}.Debug|Any CPU.ActiveCfg = Debug|Any CPU
		{53995DBB-9836-4647-AD22-865884FDEB9E}.Debug|Any CPU.Build.0 = Debug|Any CPU
		{53995DBB-9836-4647-AD22-865884FDEB9E}.Release|Any CPU.ActiveCfg = Release|Any CPU
		{53995DBB-9836-4647-AD22-865884FDEB9E}.Release|Any CPU.Build.0 = Release|Any CPU
	EndGlobalSection
	GlobalSection(SolutionProperties) = preSolution
		HideSolutionNode = FALSE
	EndGlobalSection
	GlobalSection(NestedProjects) = preSolution
		{7AB7FF34-B6A2-4571-AAA3-1C160898FFDD} = {E85CAE4C-44C5-4AFF-B533-492C70187AEA}
		{6FF5EFA9-CA43-4D4B-8A5A-E8F03CE34379} = {355C6DB0-9DBC-48F4-B284-4C04DDFAF788}
		{928BD36F-8E50-46B6-B444-1EC25F6CEB2E} = {E85CAE4C-44C5-4AFF-B533-492C70187AEA}
		{53995DBB-9836-4647-AD22-865884FDEB9E} = {1361905A-2F39-4826-8DB3-A7BCACCB9153}
	EndGlobalSection
EndGlobal
